
Microsoft Visual Studio Solution File, Format Version 12.00
# Visual Studio Version 17
VisualStudioVersion = 17.7.34018.315
MinimumVisualStudioVersion = 10.0.40219.1
Project("{FAE04EC0-301F-11D3-BF4B-00C04F79EFBC}") = "BudgetGui", "BudgetGui\BudgetGui.csproj", "{6DCDDFA7-C336-48BF-8BEC-EF911D29D676}"
EndProject
Global
	GlobalSection(SolutionConfigurationPlatforms) = preSolution
		Debug|Any CPU = Debug|Any CPU
		Release|Any CPU = Release|Any CPU
	EndGlobalSection
	GlobalSection(ProjectConfigurationPlatforms) = postSolution
		{6DCDDFA7-C336-48BF-8BEC-EF911D29D676}.Debug|Any CPU.ActiveCfg = Debug|Any CPU
		{6DCDDFA7-C336-48BF-8BEC-EF911D29D676}.Debug|Any CPU.Build.0 = Debug|Any CPU
		{6DCDDFA7-C336-48BF-8BEC-EF911D29D676}.Release|Any CPU.ActiveCfg = Release|Any CPU
		{6DCDDFA7-C336-48BF-8BEC-EF911D29D676}.Release|Any CPU.Build.0 = Release|Any CPU
	EndGlobalSection
	GlobalSection(SolutionProperties) = preSolution
		HideSolutionNode = FALSE
	EndGlobalSection
	GlobalSection(ExtensibilityGlobals) = postSolution
		SolutionGuid = {2F82C862-9680-4D20-8F4C-4EB253C242A5}
	EndGlobalSection
EndGlobal
